
Microsoft Visual Studio Solution File, Format Version 12.00
# Visual Studio Version 16
VisualStudioVersion = 16.0.29215.179
MinimumVisualStudioVersion = 10.0.40219.1
Project("{9A19103F-16F7-4668-BE54-9A1E7A4F7556}") = "SeleniumSearch", "GoogleSeleniumSearchPOM\SeleniumSearch.csproj", "{89578026-3097-4C93-9BFA-F2E0E835D03A}"
EndProject
Project("{9A19103F-16F7-4668-BE54-9A1E7A4F7556}") = "QAAutomationTest", "QAAutomationTestPOM\QAAutomationTest.csproj", "{C6686825-61D7-45E8-AC7E-A3AB132262C5}"
EndProject
Project("{9A19103F-16F7-4668-BE54-9A1E7A4F7556}") = "RegistrationNegativeTests", "RegNegativeTestsPOM\RegistrationNegativeTests.csproj", "{634606F7-A1F1-4B29-A529-885DFD7C6236}"
EndProject
Global
	GlobalSection(SolutionConfigurationPlatforms) = preSolution
		Debug|Any CPU = Debug|Any CPU
		Release|Any CPU = Release|Any CPU
	EndGlobalSection
	GlobalSection(ProjectConfigurationPlatforms) = postSolution
		{89578026-3097-4C93-9BFA-F2E0E835D03A}.Debug|Any CPU.ActiveCfg = Debug|Any CPU
		{89578026-3097-4C93-9BFA-F2E0E835D03A}.Debug|Any CPU.Build.0 = Debug|Any CPU
		{89578026-3097-4C93-9BFA-F2E0E835D03A}.Release|Any CPU.ActiveCfg = Release|Any CPU
		{89578026-3097-4C93-9BFA-F2E0E835D03A}.Release|Any CPU.Build.0 = Release|Any CPU
		{C6686825-61D7-45E8-AC7E-A3AB132262C5}.Debug|Any CPU.ActiveCfg = Debug|Any CPU
		{C6686825-61D7-45E8-AC7E-A3AB132262C5}.Debug|Any CPU.Build.0 = Debug|Any CPU
		{C6686825-61D7-45E8-AC7E-A3AB132262C5}.Release|Any CPU.ActiveCfg = Release|Any CPU
		{C6686825-61D7-45E8-AC7E-A3AB132262C5}.Release|Any CPU.Build.0 = Release|Any CPU
		{634606F7-A1F1-4B29-A529-885DFD7C6236}.Debug|Any CPU.ActiveCfg = Debug|Any CPU
		{634606F7-A1F1-4B29-A529-885DFD7C6236}.Debug|Any CPU.Build.0 = Debug|Any CPU
		{634606F7-A1F1-4B29-A529-885DFD7C6236}.Release|Any CPU.ActiveCfg = Release|Any CPU
		{634606F7-A1F1-4B29-A529-885DFD7C6236}.Release|Any CPU.Build.0 = Release|Any CPU
	EndGlobalSection
	GlobalSection(SolutionProperties) = preSolution
		HideSolutionNode = FALSE
	EndGlobalSection
	GlobalSection(ExtensibilityGlobals) = postSolution
		SolutionGuid = {1C55D9EA-9937-45CC-A317-6AB2B2DB237B}
	EndGlobalSection
EndGlobal
